
Microsoft Visual Studio Solution File, Format Version 12.00
# Visual Studio Version 17
VisualStudioVersion = 17.5.002.0
MinimumVisualStudioVersion = 10.0.40219.1
Project("{9A19103F-16F7-4668-BE54-9A1E7A4F7556}") = "chi2", "chi2.csproj", "{A0EC5B3A-5421-491D-BA68-93B8A7106FE9}"
EndProject
Global
	GlobalSection(SolutionConfigurationPlatforms) = preSolution
		Debug|Any CPU = Debug|Any CPU
		Release|Any CPU = Release|Any CPU
	EndGlobalSection
	GlobalSection(ProjectConfigurationPlatforms) = postSolution
		{A0EC5B3A-5421-491D-BA68-93B8A7106FE9}.Debug|Any CPU.ActiveCfg = Debug|Any CPU
		{A0EC5B3A-5421-491D-BA68-93B8A7106FE9}.Debug|Any CPU.Build.0 = Debug|Any CPU
		{A0EC5B3A-5421-491D-BA68-93B8A7106FE9}.Release|Any CPU.ActiveCfg = Release|Any CPU
		{A0EC5B3A-5421-491D-BA68-93B8A7106FE9}.Release|Any CPU.Build.0 = Release|Any CPU
	EndGlobalSection
	GlobalSection(SolutionProperties) = preSolution
		HideSolutionNode = FALSE
	EndGlobalSection
	GlobalSection(ExtensibilityGlobals) = postSolution
		SolutionGuid = {C3B07ABC-4A0D-41DD-88C4-DBE9A3B55FF1}
	EndGlobalSection
EndGlobal
